lockfileVersion: 5.4

specifiers:
  '@types/node': ^18.15.8
  typescript: ^5.0.2

devDependencies:
  '@types/node': 18.15.8
  typescript: 5.0.2

packages:

  /@types/node/18.15.8:
    resolution: {integrity: sha512-kzGNJZ57XEH7RdckxZ7wfRjB9hgZABF+NLgR1B2zogUvV0gmK0/60VYA4yb4oKZckPiiJlmmfpdqTfCN0VRX+Q==}
    dev: true

  /typescript/5.0.2:
    resolution: {integrity: sha512-wVORMBGO/FAs/++blGNeAVdbNKtIh1rbBL2EyQ1+J9lClJ93KiiKe8PmFIVdXhHcyv44SL9oglmfeSsndo0jRw==}
    engines: {node: '>=12.20'}
    hasBin: true
    dev: true
